<?xml version="1.0" encoding="UTF-8" standalone="yes" ?>
<CodeBlocks_project_file>
	<FileVersion major="1" minor="6" />
	<Project>
		<Option title="mc-fr-server" />
		<Option makefile="/home/rod/dev/mc-france/Serveur/bin/Makefile" />
		<Option makefile_is_custom="1" />
		<Option execution_dir="/home/rod/dev/mc-france/Serveur/bin/" />
		<Option pch_mode="2" />
		<Option compiler="gcc" />
		<Build>
			<Target title="all">
				<Option output="bin/Debug/mc-fr-server" prefix_auto="1" extension_auto="1" />
				<Option object_output="obj/Debug/" />
				<Option type="1" />
				<Option compiler="gcc" />
				<Compiler>
					<Add option="-g" />
					<Add directory="../src/block" />
					<Add directory="../src/command" />
					<Add directory="../src/database" />
					<Add directory="../src/entity" />
					<Add directory="../src/inventory" />
					<Add directory="../src/item" />
					<Add directory="../src/nbt" />
					<Add directory="../src/network" />
					<Add directory="../src/packet" />
					<Add directory="../src/server" />
					<Add directory="../src/util" />
					<Add directory="../src/world" />
				</Compiler>
			</Target>
			<Target title="Release">
				<Option output="bin/Release/mc-fr-server" prefix_auto="1" extension_auto="1" />
				<Option object_output="obj/Release/" />
				<Option type="1" />
				<Option compiler="gcc" />
				<Compiler>
					<Add option="-O2" />
				</Compiler>
				<Linker>
					<Add option="-s" />
				</Linker>
			</Target>
		</Build>
		<Compiler>
			<Add option="-Wall" />
		</Compiler>
		<Unit filename="../src/block/Block.cpp" />
		<Unit filename="../src/block/Block.h" />
		<Unit filename="../src/command/Command.cpp" />
		<Unit filename="../src/command/Command.h" />
		<Unit filename="../src/command/CommandManager.cpp" />
		<Unit filename="../src/command/CommandManager.h" />
		<Unit filename="../src/command/CommandQueue.cpp" />
		<Unit filename="../src/command/CommandQueue.h" />
		<Unit filename="../src/command/CommandReader.cpp" />
		<Unit filename="../src/command/CommandReader.h" />
		<Unit filename="../src/command/CommandSender.h" />
		<Unit filename="../src/command/CommandServer.cpp" />
		<Unit filename="../src/command/CommandServer.h" />
		<Unit filename="../src/command/CommandStop.cpp" />
		<Unit filename="../src/command/CommandStop.h" />
		<Unit filename="../src/database/Database.cpp" />
		<Unit filename="../src/database/Database.h" />
		<Unit filename="../src/database/Profile.cpp" />
		<Unit filename="../src/database/Profile.h" />
		<Unit filename="../src/entity/Entity.cpp" />
		<Unit filename="../src/entity/Entity.h" />
		<Unit filename="../src/entity/EntityLiving.cpp" />
		<Unit filename="../src/entity/EntityLiving.h" />
		<Unit filename="../src/entity/EntityPlayer.cpp" />
		<Unit filename="../src/entity/EntityPlayer.h" />
		<Unit filename="../src/inventory/Inventory.cpp" />
		<Unit filename="../src/inventory/Inventory.h" />
		<Unit filename="../src/inventory/InventoryPlayer.cpp" />
		<Unit filename="../src/inventory/InventoryPlayer.h" />
		<Unit filename="../src/inventory/Slot.cpp" />
		<Unit filename="../src/inventory/Slot.h" />
		<Unit filename="../src/item/Item.cpp" />
		<Unit filename="../src/item/Item.h" />
		<Unit filename="../src/item/ItemStack.cpp" />
		<Unit filename="../src/item/ItemStack.h" />
		<Unit filename="../src/nbt/NBTTag.cpp" />
		<Unit filename="../src/nbt/NBTTag.h" />
		<Unit filename="../src/nbt/NBTTagByte.cpp" />
		<Unit filename="../src/nbt/NBTTagByte.h" />
		<Unit filename="../src/nbt/NBTTagByteArray.cpp" />
		<Unit filename="../src/nbt/NBTTagByteArray.h" />
		<Unit filename="../src/nbt/NBTTagCompound.cpp" />
		<Unit filename="../src/nbt/NBTTagCompound.h" />
		<Unit filename="../src/nbt/NBTTagDouble.cpp" />
		<Unit filename="../src/nbt/NBTTagDouble.h" />
		<Unit filename="../src/nbt/NBTTagFloat.cpp" />
		<Unit filename="../src/nbt/NBTTagFloat.h" />
		<Unit filename="../src/nbt/NBTTagInt.cpp" />
		<Unit filename="../src/nbt/NBTTagInt.h" />
		<Unit filename="../src/nbt/NBTTagIntArray.cpp" />
		<Unit filename="../src/nbt/NBTTagIntArray.h" />
		<Unit filename="../src/nbt/NBTTagList.cpp" />
		<Unit filename="../src/nbt/NBTTagList.h" />
		<Unit filename="../src/nbt/NBTTagLong.cpp" />
		<Unit filename="../src/nbt/NBTTagLong.h" />
		<Unit filename="../src/nbt/NBTTagShort.cpp" />
		<Unit filename="../src/nbt/NBTTagShort.h" />
		<Unit filename="../src/nbt/NBTTagString.cpp" />
		<Unit filename="../src/nbt/NBTTagString.h" />
		<Unit filename="../src/network/ClientPacket.cpp" />
		<Unit filename="../src/network/ClientPacket.h" />
		<Unit filename="../src/network/ClientSocket.cpp" />
		<Unit filename="../src/network/ClientSocket.h" />
		<Unit filename="../src/network/NetworkManager.cpp" />
		<Unit filename="../src/network/NetworkManager.h" />
		<Unit filename="../src/network/Packet.h" />
		<Unit filename="../src/network/PacketBuffer.cpp" />
		<Unit filename="../src/network/PacketBuffer.h" />
		<Unit filename="../src/network/PacketFactory.cpp" />
		<Unit filename="../src/network/PacketFactory.h" />
		<Unit filename="../src/network/PacketHandler.cpp" />
		<Unit filename="../src/network/PacketHandler.h" />
		<Unit filename="../src/network/PacketQueue.cpp" />
		<Unit filename="../src/network/PacketQueue.h" />
		<Unit filename="../src/network/PlayerConnection.cpp" />
		<Unit filename="../src/network/PlayerConnection.h" />
		<Unit filename="../src/network/ServerPacket.cpp" />
		<Unit filename="../src/network/ServerPacket.h" />
		<Unit filename="../src/network/ServerSocket.cpp" />
		<Unit filename="../src/network/ServerSocket.h" />
		<Unit filename="../src/network/Socket.cpp" />
		<Unit filename="../src/network/Socket.h" />
		<Unit filename="../src/packet/PacketAnimation.cpp" />
		<Unit filename="../src/packet/PacketAnimation.h" />
		<Unit filename="../src/packet/PacketChatMessage.cpp" />
		<Unit filename="../src/packet/PacketChatMessage.h" />
		<Unit filename="../src/packet/PacketChunkData.cpp" />
		<Unit filename="../src/packet/PacketChunkData.h" />
		<Unit filename="../src/packet/PacketClientSettings.cpp" />
		<Unit filename="../src/packet/PacketClientSettings.h" />
		<Unit filename="../src/packet/PacketClientStatus.cpp" />
		<Unit filename="../src/packet/PacketClientStatus.h" />
		<Unit filename="../src/packet/PacketCloseWindow.cpp" />
		<Unit filename="../src/packet/PacketCloseWindow.h" />
		<Unit filename="../src/packet/PacketCreativeInventoryAction.cpp" />
		<Unit filename="../src/packet/PacketCreativeInventoryAction.h" />
		<Unit filename="../src/packet/PacketDestroyEntities.cpp" />
		<Unit filename="../src/packet/PacketDestroyEntities.h" />
		<Unit filename="../src/packet/PacketDisconnect.cpp" />
		<Unit filename="../src/packet/PacketDisconnect.h" />
		<Unit filename="../src/packet/PacketEntityAction.cpp" />
		<Unit filename="../src/packet/PacketEntityAction.h" />
		<Unit filename="../src/packet/PacketEntityHeadLook.cpp" />
		<Unit filename="../src/packet/PacketEntityHeadLook.h" />
		<Unit filename="../src/packet/PacketEntityLook.cpp" />
		<Unit filename="../src/packet/PacketEntityLook.h" />
		<Unit filename="../src/packet/PacketEntityMove.cpp" />
		<Unit filename="../src/packet/PacketEntityMove.h" />
		<Unit filename="../src/packet/PacketEntityMoveLook.cpp" />
		<Unit filename="../src/packet/PacketEntityMoveLook.h" />
		<Unit filename="../src/packet/PacketEntityTeleport.cpp" />
		<Unit filename="../src/packet/PacketEntityTeleport.h" />
		<Unit filename="../src/packet/PacketHandshake.cpp" />
		<Unit filename="../src/packet/PacketHandshake.h" />
		<Unit filename="../src/packet/PacketHeldItemChange.cpp" />
		<Unit filename="../src/packet/PacketHeldItemChange.h" />
		<Unit filename="../src/packet/PacketJoinGame.cpp" />
		<Unit filename="../src/packet/PacketJoinGame.h" />
		<Unit filename="../src/packet/PacketKeepAlive.cpp" />
		<Unit filename="../src/packet/PacketKeepAlive.h" />
		<Unit filename="../src/packet/PacketLoginStart.cpp" />
		<Unit filename="../src/packet/PacketLoginStart.h" />
		<Unit filename="../src/packet/PacketLoginSuccess.cpp" />
		<Unit filename="../src/packet/PacketLoginSuccess.h" />
		<Unit filename="../src/packet/PacketMapChunkBulk.cpp" />
		<Unit filename="../src/packet/PacketMapChunkBulk.h" />
		<Unit filename="../src/packet/PacketPlayer.cpp" />
		<Unit filename="../src/packet/PacketPlayer.h" />
		<Unit filename="../src/packet/PacketPlayerAbilities.cpp" />
		<Unit filename="../src/packet/PacketPlayerAbilities.h" />
		<Unit filename="../src/packet/PacketPlayerDigging.cpp" />
		<Unit filename="../src/packet/PacketPlayerDigging.h" />
		<Unit filename="../src/packet/PacketPlayerListItem.cpp" />
		<Unit filename="../src/packet/PacketPlayerListItem.h" />
		<Unit filename="../src/packet/PacketPlayerLook.cpp" />
		<Unit filename="../src/packet/PacketPlayerLook.h" />
		<Unit filename="../src/packet/PacketPlayerPosition.cpp" />
		<Unit filename="../src/packet/PacketPlayerPosition.h" />
		<Unit filename="../src/packet/PacketPlayerPositionLook.cpp" />
		<Unit filename="../src/packet/PacketPlayerPositionLook.h" />
		<Unit filename="../src/packet/PacketPluginMessage.cpp" />
		<Unit filename="../src/packet/PacketPluginMessage.h" />
		<Unit filename="../src/packet/PacketSpawnPlayer.cpp" />
		<Unit filename="../src/packet/PacketSpawnPlayer.h" />
		<Unit filename="../src/packet/PacketSpawnPosition.cpp" />
		<Unit filename="../src/packet/PacketSpawnPosition.h" />
		<Unit filename="../src/packet/PacketTimeUpdate.cpp" />
		<Unit filename="../src/packet/PacketTimeUpdate.h" />
		<Unit filename="../src/packet/PacketUseEntity.cpp" />
		<Unit filename="../src/packet/PacketUseEntity.h" />
		<Unit filename="../src/server/Server.cpp" />
		<Unit filename="../src/server/Server.h" />
		<Unit filename="../src/util/ChatMessage.cpp" />
		<Unit filename="../src/util/ChatMessage.h" />
		<Unit filename="../src/util/Compression.cpp" />
		<Unit filename="../src/util/Compression.h" />
		<Unit filename="../src/util/Logger.cpp" />
		<Unit filename="../src/util/Logger.h" />
		<Unit filename="../src/util/Types.h" />
		<Unit filename="../src/world/Chunk.cpp" />
		<Unit filename="../src/world/Chunk.h" />
		<Unit filename="../src/world/Level.cpp" />
		<Unit filename="../src/world/Level.h" />
		<Unit filename="../src/world/Region.cpp" />
		<Unit filename="../src/world/Region.h" />
		<Unit filename="../src/world/Section.cpp" />
		<Unit filename="../src/world/Section.h" />
		<Unit filename="../src/world/World.cpp" />
		<Unit filename="../src/world/World.h" />
		<Extensions>
			<code_completion />
			<debugger />
		</Extensions>
	</Project>
</CodeBlocks_project_file>
